
Microsoft Visual Studio Solution File, Format Version 12.00
# Visual Studio Version 17
VisualStudioVersion = 17.5.33627.172
MinimumVisualStudioVersion = 10.0.40219.1
Project("{FAE04EC0-301F-11D3-BF4B-00C04F79EFBC}") = "WDA Exam", "WDA Exam\WDA Exam.csproj", "{D41AB897-00A9-481A-8E46-5F51413D728F}"
EndProject
Global
	GlobalSection(SolutionConfigurationPlatforms) = preSolution
		Debug|Any CPU = Debug|Any CPU
		Release|Any CPU = Release|Any CPU
	EndGlobalSection
	GlobalSection(ProjectConfigurationPlatforms) = postSolution
		{D41AB897-00A9-481A-8E46-5F51413D728F}.Debug|Any CPU.ActiveCfg = Debug|Any CPU
		{D41AB897-00A9-481A-8E46-5F51413D728F}.Debug|Any CPU.Build.0 = Debug|Any CPU
		{D41AB897-00A9-481A-8E46-5F51413D728F}.Release|Any CPU.ActiveCfg = Release|Any CPU
		{D41AB897-00A9-481A-8E46-5F51413D728F}.Release|Any CPU.Build.0 = Release|Any CPU
	EndGlobalSection
	GlobalSection(SolutionProperties) = preSolution
		HideSolutionNode = FALSE
	EndGlobalSection
	GlobalSection(ExtensibilityGlobals) = postSolution
		SolutionGuid = {CD458E9C-8E50-4147-9A4C-0718FF1D117A}
	EndGlobalSection
EndGlobal
